# This file was autogenerated by Stack.
# You should not edit this file by hand.
# For more information, please see the documentation at:
#   https://docs.haskellstack.org/en/stable/lock_files

packages:
- completed:
    hackage: acid-state-0.16.0.1@sha256:d43f6ee0b23338758156c500290c4405d769abefeb98e9bc112780dae09ece6f,6207
    pantry-tree:
      size: 13678
      sha256: d57bcb2ad5e01fe7424abbcf9e58cf943027b5c4a8496d93625c57b6e1272274
  original:
    hackage: acid-state-0.16.0.1@sha256:d43f6ee0b23338758156c500290c4405d769abefeb98e9bc112780dae09ece6f,6207
- completed:
    hackage: lzma-clib-5.2.2@sha256:25eb43d5fd8a8ab58380f475b91fb1fa907381f8a81c8d8ba63ba428d97ae0cc,4900
    pantry-tree:
      size: 11577
      sha256: ed5ce184eaad3b4239f86d1d478d0b5ed6a93af5aac72f19f376c1690585576d
  original:
    hackage: lzma-clib-5.2.2@sha256:25eb43d5fd8a8ab58380f475b91fb1fa907381f8a81c8d8ba63ba428d97ae0cc,4900
- completed:
    hackage: polysemy-plugin-0.2.5.2@sha256:649cea55749c38af841e9f3750ccf65be351e597f3085234e28e3491e78d1f78,3155
    pantry-tree:
      size: 1162
      sha256: 20b462f8095a8108ef4d920f0d494ba1299821403ad30169168f4b1968b06c2a
  original:
    hackage: polysemy-plugin-0.2.5.2@sha256:649cea55749c38af841e9f3750ccf65be351e597f3085234e28e3491e78d1f78,3155
- completed:
    hackage: direct-sqlite-2.3.26@sha256:04e835402f1508abca383182023e4e2b9b86297b8533afbd4e57d1a5652e0c23,3718
    pantry-tree:
      size: 770
      sha256: 11874ab21e10c5b54cd1e02a037b677dc1e2ee9986f38c599612c56654dc01c3
  original:
    hackage: direct-sqlite-2.3.26@sha256:04e835402f1508abca383182023e4e2b9b86297b8533afbd4e57d1a5652e0c23,3718
snapshots:
- completed:
    size: 533053
    url: https://raw.githubusercontent.com/commercialhaskell/stackage-snapshots/master/lts/16/28.yaml
    sha256: a9c01d860ac8dfb3a1b6f7ec4a36dd9504a95392b89c99b0877da63fa36a8e97
  original:
    url: https://raw.githubusercontent.com/commercialhaskell/stackage-snapshots/master/lts/16/28.yaml
